
Microsoft Visual Studio Solution File, Format Version 12.00
# Visual Studio Version 17
VisualStudioVersion = 17.14.36616.10
MinimumVisualStudioVersion = 10.0.40219.1
Project("{8BC9CEB8-8B4A-11D0-8D11-00A0C91BC942}") = "4.2-Stencil_testing", "4.2-Stencil_testing\4.2-Stencil_testing.vcxproj", "{27BECC8B-D4B3-4509-815E-E757777D54EF}"
EndProject
Project("{8BC9CEB8-8B4A-11D0-8D11-00A0C91BC942}") = "4.1-Depth_testing", "4.1-Depth_testing\4.1-Depth_testing.vcxproj", "{F61D9473-CAD3-418B-849B-3795BFBED820}"
EndProject
Project("{8BC9CEB8-8B4A-11D0-8D11-00A0C91BC942}") = "3.2-Model", "3.2-Model\3.2-Model.vcxproj", "{75E38628-6E9A-4586-ADCE-23490253D723}"
EndProject
Project("{8BC9CEB8-8B4A-11D0-8D11-00A0C91BC942}") = "1.1.hello_window", "1.1.hello_window\1.1.hello_window.vcxproj", "{480E12EF-B6B9-45B2-A868-12249300D450}"
EndProject
Project("{8BC9CEB8-8B4A-11D0-8D11-00A0C91BC942}") = "1.2.1.2_triangles", "1.2.1.2_triangles\1.2.1.2_triangles.vcxproj", "{7D376B11-F5CA-4532-85E1-78FC67D3D00C}"
EndProject
Project("{8BC9CEB8-8B4A-11D0-8D11-00A0C91BC942}") = "1.2.hello_triangle", "1.2.hello_triangle\1.2.hello_triangle.vcxproj", "{FA3430CF-E374-4CBF-9C80-3CBD1269C516}"
EndProject
Project("{8BC9CEB8-8B4A-11D0-8D11-00A0C91BC942}") = "1.3.Shaders", "1.3.Shaders\1.3.Shaders.vcxproj", "{C9FCAFF6-E5DA-443E-AC8F-42A40F2D2632}"
EndProject
Project("{8BC9CEB8-8B4A-11D0-8D11-00A0C91BC942}") = "1.4.Textures", "1.4.Textures\1.4.Textures.vcxproj", "{E0CCA0F7-7E0F-42C6-B3A5-AE3CFE1BE836}"
EndProject
Project("{8BC9CEB8-8B4A-11D0-8D11-00A0C91BC942}") = "1.5.Transformations", "1.5.Transformations\1.5.Transformations.vcxproj", "{5C172CDB-F641-4FA3-A31B-438476A52812}"
EndProject
Project("{8BC9CEB8-8B4A-11D0-8D11-00A0C91BC942}") = "1.6.Coordinate_Systems", "1.6.Coordinate_Systems\1.6.Coordinate_Systems.vcxproj", "{96B90C32-77A2-4A4D-94D1-3AEDE9474C11}"
EndProject
Project("{8BC9CEB8-8B4A-11D0-8D11-00A0C91BC942}") = "1.7.Camera", "1.7.Camera\1.7.Camera.vcxproj", "{6697E6EB-B315-4493-B5E2-2F57E10CFDD3}"
EndProject
Project("{8BC9CEB8-8B4A-11D0-8D11-00A0C91BC942}") = "2.1-Colors", "2.1-Colors\2.1-Colors.vcxproj", "{16A252E0-DADE-4A0B-887B-7B9C0DE0E6FF}"
EndProject
Project("{8BC9CEB8-8B4A-11D0-8D11-00A0C91BC942}") = "2.2-Basic_Lighting", "2.2-Basic Lighting\2.2-Basic Lighting.vcxproj", "{F6AE0F06-27DB-4207-81EC-8111E8EFE0BD}"
EndProject
Project("{8BC9CEB8-8B4A-11D0-8D11-00A0C91BC942}") = "2.3-Materials", "2.3-Materials\2.3-Materials.vcxproj", "{8CB20B30-A93A-4857-A562-88828B6F13BE}"
EndProject
Project("{8BC9CEB8-8B4A-11D0-8D11-00A0C91BC942}") = "2.4-Lighting_maps", "2.4-Lighting_maps\2.4-Lighting_maps.vcxproj", "{422C5EE7-ADC1-463B-8AF3-D2B53363885D}"
EndProject
Project("{8BC9CEB8-8B4A-11D0-8D11-00A0C91BC942}") = "2.5-Light_casters", "2.5-Light_casters\2.5-Light_casters.vcxproj", "{7B636FB7-146E-4DDB-B4C9-07D90E6A6C78}"
EndProject
Project("{8BC9CEB8-8B4A-11D0-8D11-00A0C91BC942}") = "2.6-Multiple_lights", "2.6-Multiple_lights\2.6-Multiple_lights.vcxproj", "{976D72EE-08E7-4D01-8651-C700ED767115}"
EndProject
Project("{8BC9CEB8-8B4A-11D0-8D11-00A0C91BC942}") = "3.1-Mesh", "3.1-Mesh\3.1-Mesh.vcxproj", "{DE73BB0E-E89F-445C-A0BD-14DE18F99D73}"
EndProject
Project("{8BC9CEB8-8B4A-11D0-8D11-00A0C91BC942}") = "4.3-Blending", "4.3-Blending\4.3-Blending.vcxproj", "{5B18A717-A719-41E6-AC8D-44B3F8A64468}"
EndProject
Project("{8BC9CEB8-8B4A-11D0-8D11-00A0C91BC942}") = "4.4-Face_culling", "4.4-Face_culling\4.4-Face_culling.vcxproj", "{6D2BCDF5-B80C-46D4-8CAE-A93E0CC9ADBD}"
EndProject
Project("{8BC9CEB8-8B4A-11D0-8D11-00A0C91BC942}") = "4.5-Framebuffers", "4.5-Framebuffers\4.5-Framebuffers.vcxproj", "{610090F5-19DF-4B68-BF19-E7EB11C35596}"
EndProject
Project("{8BC9CEB8-8B4A-11D0-8D11-00A0C91BC942}") = "4.6-Cubemaps", "4.6-Cubemaps\4.6-Cubemaps.vcxproj", "{D958DFE7-C87C-41EC-B94F-8ABEED3ACBDC}"
EndProject
Project("{8BC9CEB8-8B4A-11D0-8D11-00A0C91BC942}") = "4.8-Advanced_GLSL", "4.8-Advanced_GLSL\4.8-Advanced_GLSL.vcxproj", "{3E9C999D-742A-4EE9-A3DF-0F333C9BC956}"
EndProject
Project("{8BC9CEB8-8B4A-11D0-8D11-00A0C91BC942}") = "4.9-Geometry_Shader", "4.9-Geometry_Shader\4.9-Geometry_Shader.vcxproj", "{2BE03423-45E6-4130-8E6A-8D6E026A874F}"
EndProject
Project("{8BC9CEB8-8B4A-11D0-8D11-00A0C91BC942}") = "4.10-Instancing", "4.10-Instancing\4.10-Instancing.vcxproj", "{E130826F-554B-4D28-9FEB-9DAEDF6D3A2E}"
EndProject
Project("{8BC9CEB8-8B4A-11D0-8D11-00A0C91BC942}") = "5.1-Advanced_Lighting", "5.1-Advanced_Lighting\5.1-Advanced_Lighting.vcxproj", "{64AE0D67-033B-4260-B1CD-CF66BF5DF6C6}"
EndProject
Global
	GlobalSection(SolutionConfigurationPlatforms) = preSolution
		Debug|x64 = Debug|x64
		Debug|x86 = Debug|x86
		Release|x64 = Release|x64
		Release|x86 = Release|x86
	EndGlobalSection
	GlobalSection(ProjectConfigurationPlatforms) = postSolution
		{27BECC8B-D4B3-4509-815E-E757777D54EF}.Debug|x64.ActiveCfg = Debug|x64
		{27BECC8B-D4B3-4509-815E-E757777D54EF}.Debug|x64.Build.0 = Debug|x64
		{27BECC8B-D4B3-4509-815E-E757777D54EF}.Debug|x86.ActiveCfg = Debug|Win32
		{27BECC8B-D4B3-4509-815E-E757777D54EF}.Debug|x86.Build.0 = Debug|Win32
		{27BECC8B-D4B3-4509-815E-E757777D54EF}.Release|x64.ActiveCfg = Release|x64
		{27BECC8B-D4B3-4509-815E-E757777D54EF}.Release|x64.Build.0 = Release|x64
		{27BECC8B-D4B3-4509-815E-E757777D54EF}.Release|x86.ActiveCfg = Release|Win32
		{27BECC8B-D4B3-4509-815E-E757777D54EF}.Release|x86.Build.0 = Release|Win32
		{F61D9473-CAD3-418B-849B-3795BFBED820}.Debug|x64.ActiveCfg = Debug|x64
		{F61D9473-CAD3-418B-849B-3795BFBED820}.Debug|x64.Build.0 = Debug|x64
		{F61D9473-CAD3-418B-849B-3795BFBED820}.Debug|x86.ActiveCfg = Debug|Win32
		{F61D9473-CAD3-418B-849B-3795BFBED820}.Debug|x86.Build.0 = Debug|Win32
		{F61D9473-CAD3-418B-849B-3795BFBED820}.Release|x64.ActiveCfg = Release|x64
		{F61D9473-CAD3-418B-849B-3795BFBED820}.Release|x64.Build.0 = Release|x64
		{F61D9473-CAD3-418B-849B-3795BFBED820}.Release|x86.ActiveCfg = Release|Win32
		{F61D9473-CAD3-418B-849B-3795BFBED820}.Release|x86.Build.0 = Release|Win32
		{75E38628-6E9A-4586-ADCE-23490253D723}.Debug|x64.ActiveCfg = Debug|x64
		{75E38628-6E9A-4586-ADCE-23490253D723}.Debug|x64.Build.0 = Debug|x64
		{75E38628-6E9A-4586-ADCE-23490253D723}.Debug|x86.ActiveCfg = Debug|Win32
		{75E38628-6E9A-4586-ADCE-23490253D723}.Debug|x86.Build.0 = Debug|Win32
		{75E38628-6E9A-4586-ADCE-23490253D723}.Release|x64.ActiveCfg = Release|x64
		{75E38628-6E9A-4586-ADCE-23490253D723}.Release|x64.Build.0 = Release|x64
		{75E38628-6E9A-4586-ADCE-23490253D723}.Release|x86.ActiveCfg = Release|Win32
		{75E38628-6E9A-4586-ADCE-23490253D723}.Release|x86.Build.0 = Release|Win32
		{480E12EF-B6B9-45B2-A868-12249300D450}.Debug|x64.ActiveCfg = Debug|x64
		{480E12EF-B6B9-45B2-A868-12249300D450}.Debug|x64.Build.0 = Debug|x64
		{480E12EF-B6B9-45B2-A868-12249300D450}.Debug|x86.ActiveCfg = Debug|Win32
		{480E12EF-B6B9-45B2-A868-12249300D450}.Debug|x86.Build.0 = Debug|Win32
		{480E12EF-B6B9-45B2-A868-12249300D450}.Release|x64.ActiveCfg = Release|x64
		{480E12EF-B6B9-45B2-A868-12249300D450}.Release|x64.Build.0 = Release|x64
		{480E12EF-B6B9-45B2-A868-12249300D450}.Release|x86.ActiveCfg = Release|Win32
		{480E12EF-B6B9-45B2-A868-12249300D450}.Release|x86.Build.0 = Release|Win32
		{7D376B11-F5CA-4532-85E1-78FC67D3D00C}.Debug|x64.ActiveCfg = Debug|x64
		{7D376B11-F5CA-4532-85E1-78FC67D3D00C}.Debug|x64.Build.0 = Debug|x64
		{7D376B11-F5CA-4532-85E1-78FC67D3D00C}.Debug|x86.ActiveCfg = Debug|Win32
		{7D376B11-F5CA-4532-85E1-78FC67D3D00C}.Debug|x86.Build.0 = Debug|Win32
		{7D376B11-F5CA-4532-85E1-78FC67D3D00C}.Release|x64.ActiveCfg = Release|x64
		{7D376B11-F5CA-4532-85E1-78FC67D3D00C}.Release|x64.Build.0 = Release|x64
		{7D376B11-F5CA-4532-85E1-78FC67D3D00C}.Release|x86.ActiveCfg = Release|Win32
		{7D376B11-F5CA-4532-85E1-78FC67D3D00C}.Release|x86.Build.0 = Release|Win32
		{FA3430CF-E374-4CBF-9C80-3CBD1269C516}.Debug|x64.ActiveCfg = Debug|x64
		{FA3430CF-E374-4CBF-9C80-3CBD1269C516}.Debug|x64.Build.0 = Debug|x64
		{FA3430CF-E374-4CBF-9C80-3CBD1269C516}.Debug|x86.ActiveCfg = Debug|Win32
		{FA3430CF-E374-4CBF-9C80-3CBD1269C516}.Debug|x86.Build.0 = Debug|Win32
		{FA3430CF-E374-4CBF-9C80-3CBD1269C516}.Release|x64.ActiveCfg = Release|x64
		{FA3430CF-E374-4CBF-9C80-3CBD1269C516}.Release|x64.Build.0 = Release|x64
		{FA3430CF-E374-4CBF-9C80-3CBD1269C516}.Release|x86.ActiveCfg = Release|Win32
		{FA3430CF-E374-4CBF-9C80-3CBD1269C516}.Release|x86.Build.0 = Release|Win32
		{C9FCAFF6-E5DA-443E-AC8F-42A40F2D2632}.Debug|x64.ActiveCfg = Debug|x64
		{C9FCAFF6-E5DA-443E-AC8F-42A40F2D2632}.Debug|x64.Build.0 = Debug|x64
		{C9FCAFF6-E5DA-443E-AC8F-42A40F2D2632}.Debug|x86.ActiveCfg = Debug|Win32
		{C9FCAFF6-E5DA-443E-AC8F-42A40F2D2632}.Debug|x86.Build.0 = Debug|Win32
		{C9FCAFF6-E5DA-443E-AC8F-42A40F2D2632}.Release|x64.ActiveCfg = Release|x64
		{C9FCAFF6-E5DA-443E-AC8F-42A40F2D2632}.Release|x64.Build.0 = Release|x64
		{C9FCAFF6-E5DA-443E-AC8F-42A40F2D2632}.Release|x86.ActiveCfg = Release|Win32
		{C9FCAFF6-E5DA-443E-AC8F-42A40F2D2632}.Release|x86.Build.0 = Release|Win32
		{E0CCA0F7-7E0F-42C6-B3A5-AE3CFE1BE836}.Debug|x64.ActiveCfg = Debug|x64
		{E0CCA0F7-7E0F-42C6-B3A5-AE3CFE1BE836}.Debug|x64.Build.0 = Debug|x64
		{E0CCA0F7-7E0F-42C6-B3A5-AE3CFE1BE836}.Debug|x86.ActiveCfg = Debug|Win32
		{E0CCA0F7-7E0F-42C6-B3A5-AE3CFE1BE836}.Debug|x86.Build.0 = Debug|Win32
		{E0CCA0F7-7E0F-42C6-B3A5-AE3CFE1BE836}.Release|x64.ActiveCfg = Release|x64
		{E0CCA0F7-7E0F-42C6-B3A5-AE3CFE1BE836}.Release|x64.Build.0 = Release|x64
		{E0CCA0F7-7E0F-42C6-B3A5-AE3CFE1BE836}.Release|x86.ActiveCfg = Release|Win32
		{E0CCA0F7-7E0F-42C6-B3A5-AE3CFE1BE836}.Release|x86.Build.0 = Release|Win32
		{5C172CDB-F641-4FA3-A31B-438476A52812}.Debug|x64.ActiveCfg = Debug|x64
		{5C172CDB-F641-4FA3-A31B-438476A52812}.Debug|x64.Build.0 = Debug|x64
		{5C172CDB-F641-4FA3-A31B-438476A52812}.Debug|x86.ActiveCfg = Debug|Win32
		{5C172CDB-F641-4FA3-A31B-438476A52812}.Debug|x86.Build.0 = Debug|Win32
		{5C172CDB-F641-4FA3-A31B-438476A52812}.Release|x64.ActiveCfg = Release|x64
		{5C172CDB-F641-4FA3-A31B-438476A52812}.Release|x64.Build.0 = Release|x64
		{5C172CDB-F641-4FA3-A31B-438476A52812}.Release|x86.ActiveCfg = Release|Win32
		{5C172CDB-F641-4FA3-A31B-438476A52812}.Release|x86.Build.0 = Release|Win32
		{96B90C32-77A2-4A4D-94D1-3AEDE9474C11}.Debug|x64.ActiveCfg = Debug|x64
		{96B90C32-77A2-4A4D-94D1-3AEDE9474C11}.Debug|x64.Build.0 = Debug|x64
		{96B90C32-77A2-4A4D-94D1-3AEDE9474C11}.Debug|x86.ActiveCfg = Debug|Win32
		{96B90C32-77A2-4A4D-94D1-3AEDE9474C11}.Debug|x86.Build.0 = Debug|Win32
		{96B90C32-77A2-4A4D-94D1-3AEDE9474C11}.Release|x64.ActiveCfg = Release|x64
		{96B90C32-77A2-4A4D-94D1-3AEDE9474C11}.Release|x64.Build.0 = Release|x64
		{96B90C32-77A2-4A4D-94D1-3AEDE9474C11}.Release|x86.ActiveCfg = Release|Win32
		{96B90C32-77A2-4A4D-94D1-3AEDE9474C11}.Release|x86.Build.0 = Release|Win32
		{6697E6EB-B315-4493-B5E2-2F57E10CFDD3}.Debug|x64.ActiveCfg = Debug|x64
		{6697E6EB-B315-4493-B5E2-2F57E10CFDD3}.Debug|x64.Build.0 = Debug|x64
		{6697E6EB-B315-4493-B5E2-2F57E10CFDD3}.Debug|x86.ActiveCfg = Debug|Win32
		{6697E6EB-B315-4493-B5E2-2F57E10CFDD3}.Debug|x86.Build.0 = Debug|Win32
		{6697E6EB-B315-4493-B5E2-2F57E10CFDD3}.Release|x64.ActiveCfg = Release|x64
		{6697E6EB-B315-4493-B5E2-2F57E10CFDD3}.Release|x64.Build.0 = Release|x64
		{6697E6EB-B315-4493-B5E2-2F57E10CFDD3}.Release|x86.ActiveCfg = Release|Win32
		{6697E6EB-B315-4493-B5E2-2F57E10CFDD3}.Release|x86.Build.0 = Release|Win32
		{16A252E0-DADE-4A0B-887B-7B9C0DE0E6FF}.Debug|x64.ActiveCfg = Debug|x64
		{16A252E0-DADE-4A0B-887B-7B9C0DE0E6FF}.Debug|x64.Build.0 = Debug|x64
		{16A252E0-DADE-4A0B-887B-7B9C0DE0E6FF}.Debug|x86.ActiveCfg = Debug|Win32
		{16A252E0-DADE-4A0B-887B-7B9C0DE0E6FF}.Debug|x86.Build.0 = Debug|Win32
		{16A252E0-DADE-4A0B-887B-7B9C0DE0E6FF}.Release|x64.ActiveCfg = Release|x64
		{16A252E0-DADE-4A0B-887B-7B9C0DE0E6FF}.Release|x64.Build.0 = Release|x64
		{16A252E0-DADE-4A0B-887B-7B9C0DE0E6FF}.Release|x86.ActiveCfg = Release|Win32
		{16A252E0-DADE-4A0B-887B-7B9C0DE0E6FF}.Release|x86.Build.0 = Release|Win32
		{F6AE0F06-27DB-4207-81EC-8111E8EFE0BD}.Debug|x64.ActiveCfg = Debug|x64
		{F6AE0F06-27DB-4207-81EC-8111E8EFE0BD}.Debug|x64.Build.0 = Debug|x64
		{F6AE0F06-27DB-4207-81EC-8111E8EFE0BD}.Debug|x86.ActiveCfg = Debug|Win32
		{F6AE0F06-27DB-4207-81EC-8111E8EFE0BD}.Debug|x86.Build.0 = Debug|Win32
		{F6AE0F06-27DB-4207-81EC-8111E8EFE0BD}.Release|x64.ActiveCfg = Release|x64
		{F6AE0F06-27DB-4207-81EC-8111E8EFE0BD}.Release|x64.Build.0 = Release|x64
		{F6AE0F06-27DB-4207-81EC-8111E8EFE0BD}.Release|x86.ActiveCfg = Release|Win32
		{F6AE0F06-27DB-4207-81EC-8111E8EFE0BD}.Release|x86.Build.0 = Release|Win32
		{8CB20B30-A93A-4857-A562-88828B6F13BE}.Debug|x64.ActiveCfg = Debug|x64
		{8CB20B30-A93A-4857-A562-88828B6F13BE}.Debug|x64.Build.0 = Debug|x64
		{8CB20B30-A93A-4857-A562-88828B6F13BE}.Debug|x86.ActiveCfg = Debug|Win32
		{8CB20B30-A93A-4857-A562-88828B6F13BE}.Debug|x86.Build.0 = Debug|Win32
		{8CB20B30-A93A-4857-A562-88828B6F13BE}.Release|x64.ActiveCfg = Release|x64
		{8CB20B30-A93A-4857-A562-88828B6F13BE}.Release|x64.Build.0 = Release|x64
		{8CB20B30-A93A-4857-A562-88828B6F13BE}.Release|x86.ActiveCfg = Release|Win32
		{8CB20B30-A93A-4857-A562-88828B6F13BE}.Release|x86.Build.0 = Release|Win32
		{422C5EE7-ADC1-463B-8AF3-D2B53363885D}.Debug|x64.ActiveCfg = Debug|x64
		{422C5EE7-ADC1-463B-8AF3-D2B53363885D}.Debug|x64.Build.0 = Debug|x64
		{422C5EE7-ADC1-463B-8AF3-D2B53363885D}.Debug|x86.ActiveCfg = Debug|Win32
		{422C5EE7-ADC1-463B-8AF3-D2B53363885D}.Debug|x86.Build.0 = Debug|Win32
		{422C5EE7-ADC1-463B-8AF3-D2B53363885D}.Release|x64.ActiveCfg = Release|x64
		{422C5EE7-ADC1-463B-8AF3-D2B53363885D}.Release|x64.Build.0 = Release|x64
		{422C5EE7-ADC1-463B-8AF3-D2B53363885D}.Release|x86.ActiveCfg = Release|Win32
		{422C5EE7-ADC1-463B-8AF3-D2B53363885D}.Release|x86.Build.0 = Release|Win32
		{7B636FB7-146E-4DDB-B4C9-07D90E6A6C78}.Debug|x64.ActiveCfg = Debug|x64
		{7B636FB7-146E-4DDB-B4C9-07D90E6A6C78}.Debug|x64.Build.0 = Debug|x64
		{7B636FB7-146E-4DDB-B4C9-07D90E6A6C78}.Debug|x86.ActiveCfg = Debug|Win32
		{7B636FB7-146E-4DDB-B4C9-07D90E6A6C78}.Debug|x86.Build.0 = Debug|Win32
		{7B636FB7-146E-4DDB-B4C9-07D90E6A6C78}.Release|x64.ActiveCfg = Release|x64
		{7B636FB7-146E-4DDB-B4C9-07D90E6A6C78}.Release|x64.Build.0 = Release|x64
		{7B636FB7-146E-4DDB-B4C9-07D90E6A6C78}.Release|x86.ActiveCfg = Release|Win32
		{7B636FB7-146E-4DDB-B4C9-07D90E6A6C78}.Release|x86.Build.0 = Release|Win32
		{976D72EE-08E7-4D01-8651-C700ED767115}.Debug|x64.ActiveCfg = Debug|x64
		{976D72EE-08E7-4D01-8651-C700ED767115}.Debug|x64.Build.0 = Debug|x64
		{976D72EE-08E7-4D01-8651-C700ED767115}.Debug|x86.ActiveCfg = Debug|Win32
		{976D72EE-08E7-4D01-8651-C700ED767115}.Debug|x86.Build.0 = Debug|Win32
		{976D72EE-08E7-4D01-8651-C700ED767115}.Release|x64.ActiveCfg = Release|x64
		{976D72EE-08E7-4D01-8651-C700ED767115}.Release|x64.Build.0 = Release|x64
		{976D72EE-08E7-4D01-8651-C700ED767115}.Release|x86.ActiveCfg = Release|Win32
		{976D72EE-08E7-4D01-8651-C700ED767115}.Release|x86.Build.0 = Release|Win32
		{DE73BB0E-E89F-445C-A0BD-14DE18F99D73}.Debug|x64.ActiveCfg = Debug|x64
		{DE73BB0E-E89F-445C-A0BD-14DE18F99D73}.Debug|x64.Build.0 = Debug|x64
		{DE73BB0E-E89F-445C-A0BD-14DE18F99D73}.Debug|x86.ActiveCfg = Debug|Win32
		{DE73BB0E-E89F-445C-A0BD-14DE18F99D73}.Debug|x86.Build.0 = Debug|Win32
		{DE73BB0E-E89F-445C-A0BD-14DE18F99D73}.Release|x64.ActiveCfg = Release|x64
		{DE73BB0E-E89F-445C-A0BD-14DE18F99D73}.Release|x64.Build.0 = Release|x64
		{DE73BB0E-E89F-445C-A0BD-14DE18F99D73}.Release|x86.ActiveCfg = Release|Win32
		{DE73BB0E-E89F-445C-A0BD-14DE18F99D73}.Release|x86.Build.0 = Release|Win32
		{5B18A717-A719-41E6-AC8D-44B3F8A64468}.Debug|x64.ActiveCfg = Debug|x64
		{5B18A717-A719-41E6-AC8D-44B3F8A64468}.Debug|x64.Build.0 = Debug|x64
		{5B18A717-A719-41E6-AC8D-44B3F8A64468}.Debug|x86.ActiveCfg = Debug|Win32
		{5B18A717-A719-41E6-AC8D-44B3F8A64468}.Debug|x86.Build.0 = Debug|Win32
		{5B18A717-A719-41E6-AC8D-44B3F8A64468}.Release|x64.ActiveCfg = Release|x64
		{5B18A717-A719-41E6-AC8D-44B3F8A64468}.Release|x64.Build.0 = Release|x64
		{5B18A717-A719-41E6-AC8D-44B3F8A64468}.Release|x86.ActiveCfg = Release|Win32
		{5B18A717-A719-41E6-AC8D-44B3F8A64468}.Release|x86.Build.0 = Release|Win32
		{6D2BCDF5-B80C-46D4-8CAE-A93E0CC9ADBD}.Debug|x64.ActiveCfg = Debug|x64
		{6D2BCDF5-B80C-46D4-8CAE-A93E0CC9ADBD}.Debug|x64.Build.0 = Debug|x64
		{6D2BCDF5-B80C-46D4-8CAE-A93E0CC9ADBD}.Debug|x86.ActiveCfg = Debug|Win32
		{6D2BCDF5-B80C-46D4-8CAE-A93E0CC9ADBD}.Debug|x86.Build.0 = Debug|Win32
		{6D2BCDF5-B80C-46D4-8CAE-A93E0CC9ADBD}.Release|x64.ActiveCfg = Release|x64
		{6D2BCDF5-B80C-46D4-8CAE-A93E0CC9ADBD}.Release|x64.Build.0 = Release|x64
		{6D2BCDF5-B80C-46D4-8CAE-A93E0CC9ADBD}.Release|x86.ActiveCfg = Release|Win32
		{6D2BCDF5-B80C-46D4-8CAE-A93E0CC9ADBD}.Release|x86.Build.0 = Release|Win32
		{610090F5-19DF-4B68-BF19-E7EB11C35596}.Debug|x64.ActiveCfg = Debug|x64
		{610090F5-19DF-4B68-BF19-E7EB11C35596}.Debug|x64.Build.0 = Debug|x64
		{610090F5-19DF-4B68-BF19-E7EB11C35596}.Debug|x86.ActiveCfg = Debug|Win32
		{610090F5-19DF-4B68-BF19-E7EB11C35596}.Debug|x86.Build.0 = Debug|Win32
		{610090F5-19DF-4B68-BF19-E7EB11C35596}.Release|x64.ActiveCfg = Release|x64
		{610090F5-19DF-4B68-BF19-E7EB11C35596}.Release|x64.Build.0 = Release|x64
		{610090F5-19DF-4B68-BF19-E7EB11C35596}.Release|x86.ActiveCfg = Release|Win32
		{610090F5-19DF-4B68-BF19-E7EB11C35596}.Release|x86.Build.0 = Release|Win32
		{D958DFE7-C87C-41EC-B94F-8ABEED3ACBDC}.Debug|x64.ActiveCfg = Debug|x64
		{D958DFE7-C87C-41EC-B94F-8ABEED3ACBDC}.Debug|x64.Build.0 = Debug|x64
		{D958DFE7-C87C-41EC-B94F-8ABEED3ACBDC}.Debug|x86.ActiveCfg = Debug|Win32
		{D958DFE7-C87C-41EC-B94F-8ABEED3ACBDC}.Debug|x86.Build.0 = Debug|Win32
		{D958DFE7-C87C-41EC-B94F-8ABEED3ACBDC}.Release|x64.ActiveCfg = Release|x64
		{D958DFE7-C87C-41EC-B94F-8ABEED3ACBDC}.Release|x64.Build.0 = Release|x64
		{D958DFE7-C87C-41EC-B94F-8ABEED3ACBDC}.Release|x86.ActiveCfg = Release|Win32
		{D958DFE7-C87C-41EC-B94F-8ABEED3ACBDC}.Release|x86.Build.0 = Release|Win32
		{3E9C999D-742A-4EE9-A3DF-0F333C9BC956}.Debug|x64.ActiveCfg = Debug|x64
		{3E9C999D-742A-4EE9-A3DF-0F333C9BC956}.Debug|x64.Build.0 = Debug|x64
		{3E9C999D-742A-4EE9-A3DF-0F333C9BC956}.Debug|x86.ActiveCfg = Debug|Win32
		{3E9C999D-742A-4EE9-A3DF-0F333C9BC956}.Debug|x86.Build.0 = Debug|Win32
		{3E9C999D-742A-4EE9-A3DF-0F333C9BC956}.Release|x64.ActiveCfg = Release|x64
		{3E9C999D-742A-4EE9-A3DF-0F333C9BC956}.Release|x64.Build.0 = Release|x64
		{3E9C999D-742A-4EE9-A3DF-0F333C9BC956}.Release|x86.ActiveCfg = Release|Win32
		{3E9C999D-742A-4EE9-A3DF-0F333C9BC956}.Release|x86.Build.0 = Release|Win32
		{2BE03423-45E6-4130-8E6A-8D6E026A874F}.Debug|x64.ActiveCfg = Debug|x64
		{2BE03423-45E6-4130-8E6A-8D6E026A874F}.Debug|x64.Build.0 = Debug|x64
		{2BE03423-45E6-4130-8E6A-8D6E026A874F}.Debug|x86.ActiveCfg = Debug|Win32
		{2BE03423-45E6-4130-8E6A-8D6E026A874F}.Debug|x86.Build.0 = Debug|Win32
		{2BE03423-45E6-4130-8E6A-8D6E026A874F}.Release|x64.ActiveCfg = Release|x64
		{2BE03423-45E6-4130-8E6A-8D6E026A874F}.Release|x64.Build.0 = Release|x64
		{2BE03423-45E6-4130-8E6A-8D6E026A874F}.Release|x86.ActiveCfg = Release|Win32
		{2BE03423-45E6-4130-8E6A-8D6E026A874F}.Release|x86.Build.0 = Release|Win32
		{E130826F-554B-4D28-9FEB-9DAEDF6D3A2E}.Debug|x64.ActiveCfg = Debug|x64
		{E130826F-554B-4D28-9FEB-9DAEDF6D3A2E}.Debug|x64.Build.0 = Debug|x64
		{E130826F-554B-4D28-9FEB-9DAEDF6D3A2E}.Debug|x86.ActiveCfg = Debug|Win32
		{E130826F-554B-4D28-9FEB-9DAEDF6D3A2E}.Debug|x86.Build.0 = Debug|Win32
		{E130826F-554B-4D28-9FEB-9DAEDF6D3A2E}.Release|x64.ActiveCfg = Release|x64
		{E130826F-554B-4D28-9FEB-9DAEDF6D3A2E}.Release|x64.Build.0 = Release|x64
		{E130826F-554B-4D28-9FEB-9DAEDF6D3A2E}.Release|x86.ActiveCfg = Release|Win32
		{E130826F-554B-4D28-9FEB-9DAEDF6D3A2E}.Release|x86.Build.0 = Release|Win32
		{64AE0D67-033B-4260-B1CD-CF66BF5DF6C6}.Debug|x64.ActiveCfg = Debug|x64
		{64AE0D67-033B-4260-B1CD-CF66BF5DF6C6}.Debug|x64.Build.0 = Debug|x64
		{64AE0D67-033B-4260-B1CD-CF66BF5DF6C6}.Debug|x86.ActiveCfg = Debug|Win32
		{64AE0D67-033B-4260-B1CD-CF66BF5DF6C6}.Debug|x86.Build.0 = Debug|Win32
		{64AE0D67-033B-4260-B1CD-CF66BF5DF6C6}.Release|x64.ActiveCfg = Release|x64
		{64AE0D67-033B-4260-B1CD-CF66BF5DF6C6}.Release|x64.Build.0 = Release|x64
		{64AE0D67-033B-4260-B1CD-CF66BF5DF6C6}.Release|x86.ActiveCfg = Release|Win32
		{64AE0D67-033B-4260-B1CD-CF66BF5DF6C6}.Release|x86.Build.0 = Release|Win32
	EndGlobalSection
	GlobalSection(SolutionProperties) = preSolution
		HideSolutionNode = FALSE
	EndGlobalSection
	GlobalSection(ExtensibilityGlobals) = postSolution
		SolutionGuid = {9F841F81-57AA-401C-AD85-853D0B8452BB}
	EndGlobalSection
EndGlobal
